
Microsoft Visual Studio Solution File, Format Version 12.00
# Visual Studio Version 16
VisualStudioVersion = 16.0.29215.179
MinimumVisualStudioVersion = 10.0.40219.1
Project("{FAE04EC0-301F-11D3-BF4B-00C04F79EFBC}") = "SQLSaturdayPragueWebApi", "SQLSaturdayPragueWebApi\SQLSaturdayPragueWebApi.csproj", "{33BC5374-85A1-498D-A817-26612E321F2B}"
EndProject
Global
	GlobalSection(SolutionConfigurationPlatforms) = preSolution
		Debug|Any CPU = Debug|Any CPU
		Release|Any CPU = Release|Any CPU
	EndGlobalSection
	GlobalSection(ProjectConfigurationPlatforms) = postSolution
		{33BC5374-85A1-498D-A817-26612E321F2B}.Debug|Any CPU.ActiveCfg = Debug|Any CPU
		{33BC5374-85A1-498D-A817-26612E321F2B}.Debug|Any CPU.Build.0 = Debug|Any CPU
		{33BC5374-85A1-498D-A817-26612E321F2B}.Release|Any CPU.ActiveCfg = Release|Any CPU
		{33BC5374-85A1-498D-A817-26612E321F2B}.Release|Any CPU.Build.0 = Release|Any CPU
	EndGlobalSection
	GlobalSection(SolutionProperties) = preSolution
		HideSolutionNode = FALSE
	EndGlobalSection
	GlobalSection(ExtensibilityGlobals) = postSolution
		SolutionGuid = {AA10D652-C81D-4974-B3A0-FD1E3A16DD5D}
	EndGlobalSection
EndGlobal
